// !$*UTF8*$!
{
	archiveVersion = 1;
	classes = {
	};
	objectVersion = 46;
	objects = {

/* Begin PBXBuildFile section */
		A306DFFB1C7ACCED00C111CC /* ExampleApp.html in Resources */ = {isa = PBXBuildFile; fileRef = A306DFF81C7ACCED00C111CC /* ExampleApp.html */; };
		A306DFFC1C7ACCED00C111CC /* H5JSBridge_1_0.js in Resources */ = {isa = PBXBuildFile; fileRef = A306DFF91C7ACCED00C111CC /* H5JSBridge_1_0.js */; };
		A306DFFD1C7ACCED00C111CC /* H5JSBridgeGPS.js in Resources */ = {isa = PBXBuildFile; fileRef = A306DFFA1C7ACCED00C111CC /* H5JSBridgeGPS.js */; };
		A306E0001C7ACE8600C111CC /* H5JSBridgeCamera.js in Resources */ = {isa = PBXBuildFile; fileRef = A306DFFE1C7ACE8600C111CC /* H5JSBridgeCamera.js */; };
		A306E0011C7ACE8600C111CC /* H5JSBridgeDatabase.js in Resources */ = {isa = PBXBuildFile; fileRef = A306DFFF1C7ACE8600C111CC /* H5JSBridgeDatabase.js */; };
		A306E0031C7AE00200C111CC /* H5JSBridgeDemo.js in Resources */ = {isa = PBXBuildFile; fileRef = A306E0021C7AE00200C111CC /* H5JSBridgeDemo.js */; };
		A306E0051C7AE01500C111CC /* Testtemp.js in Resources */ = {isa = PBXBuildFile; fileRef = A306E0041C7AE01500C111CC /* Testtemp.js */; };
		A33B10BA1C642A8C003C6A65 /* H5VC.m in Sources */ = {isa = PBXBuildFile; fileRef = A33B10B81C642A8C003C6A65 /* H5VC.m */; };
		A33B10BC1C64327D003C6A65 /* WebKit.framework in Frameworks */ = {isa = PBXBuildFile; fileRef = A33B10BB1C64327D003C6A65 /* WebKit.framework */; };
		A33B10C71C643E83003C6A65 /* WebViewJavascriptBridge.m in Sources */ = {isa = PBXBuildFile; fileRef = A33B10C01C643E83003C6A65 /* WebViewJavascriptBridge.m */; };
		A33B10C81C643E83003C6A65 /* WebViewJavascriptBridge_JS.m in Sources */ = {isa = PBXBuildFile; fileRef = A33B10C21C643E83003C6A65 /* WebViewJavascriptBridge_JS.m */; };
		A33B10C91C643E83003C6A65 /* WebViewJavascriptBridgeBase.m in Sources */ = {isa = PBXBuildFile; fileRef = A33B10C41C643E83003C6A65 /* WebViewJavascriptBridgeBase.m */; };
		A33B10CA1C643E83003C6A65 /* WKWebViewJavascriptBridge.m in Sources */ = {isa = PBXBuildFile; fileRef = A33B10C61C643E83003C6A65 /* WKWebViewJavascriptBridge.m */; };
		A33B10CE1C643EDA003C6A65 /* BaseWKWebViewVC.m in Sources */ = {isa = PBXBuildFile; fileRef = A33B10CD1C643EDA003C6A65 /* BaseWKWebViewVC.m */; };
		A347FF8C1C61C2BD00F402A7 /* main.m in Sources */ = {isa = PBXBuildFile; fileRef = A347FF8B1C61C2BD00F402A7 /* main.m */; };
		A347FF8F1C61C2BD00F402A7 /* AppDelegate.m in Sources */ = {isa = PBXBuildFile; fileRef = A347FF8E1C61C2BD00F402A7 /* AppDelegate.m */; };
		A347FF921C61C2BD00F402A7 /* ViewController.m in Sources */ = {isa = PBXBuildFile; fileRef = A347FF911C61C2BD00F402A7 /* ViewController.m */; };
		A347FF951C61C2BD00F402A7 /* Main.storyboard in Resources */ = {isa = PBXBuildFile; fileRef = A347FF931C61C2BD00F402A7 /* Main.storyboard */; };
		A347FF971C61C2BD00F402A7 /* Assets.xcassets in Resources */ = {isa = PBXBuildFile; fileRef = A347FF961C61C2BD00F402A7 /* Assets.xcassets */; };
		A347FF9A1C61C2BD00F402A7 /* LaunchScreen.storyboard in Resources */ = {isa = PBXBuildFile; fileRef = A347FF981C61C2BD00F402A7 /* LaunchScreen.storyboard */; };
		A36895591C7418C20040B4E8 /* H5VC.xib in Resources */ = {isa = PBXBuildFile; fileRef = A36895581C7418C20040B4E8 /* H5VC.xib */; };
/* End PBXBuildFile section */

/* Begin PBXFileReference section */
		A306DFF81C7ACCED00C111CC /* ExampleApp.html */ = {isa = PBXFileReference; fileEncoding = 4; lastKnownFileType = text.html; path = ExampleApp.html; sourceTree = "<group>"; };
		A306DFF91C7ACCED00C111CC /* H5JSBridge_1_0.js */ = {isa = PBXFileReference; fileEncoding = 4; lastKnownFileType = sourcecode.javascript; path = H5JSBridge_1_0.js; sourceTree = "<group>"; };
		A306DFFA1C7ACCED00C111CC /* H5JSBridgeGPS.js */ = {isa = PBXFileReference; fileEncoding = 4; lastKnownFileType = sourcecode.javascript; path = H5JSBridgeGPS.js; sourceTree = "<group>"; };
		A306DFFE1C7ACE8600C111CC /* H5JSBridgeCamera.js */ = {isa = PBXFileReference; fileEncoding = 4; lastKnownFileType = sourcecode.javascript; path = H5JSBridgeCamera.js; sourceTree = "<group>"; };
		A306DFFF1C7ACE8600C111CC /* H5JSBridgeDatabase.js */ = {isa = PBXFileReference; fileEncoding = 4; lastKnownFileType = sourcecode.javascript; path = H5JSBridgeDatabase.js; sourceTree = "<group>"; };
		A306E0021C7AE00200C111CC /* H5JSBridgeDemo.js */ = {isa = PBXFileReference; fileEncoding = 4; lastKnownFileType = sourcecode.javascript; path = H5JSBridgeDemo.js; sourceTree = "<group>"; };
		A306E0041C7AE01500C111CC /* Testtemp.js */ = {isa = PBXFileReference; fileEncoding = 4; lastKnownFileType = sourcecode.javascript; path = Testtemp.js; sourceTree = "<group>"; };
		A33B10B71C642A8C003C6A65 /* H5VC.h */ = {isa = PBXFileReference; fileEncoding = 4; lastKnownFileType = sourcecode.c.h; path = H5VC.h; sourceTree = "<group>"; };
		A33B10B81C642A8C003C6A65 /* H5VC.m */ = {isa = PBXFileReference; fileEncoding = 4; lastKnownFileType = sourcecode.c.objc; path = H5VC.m; sourceTree = "<group>"; };
		A33B10BB1C64327D003C6A65 /* WebKit.framework */ = {isa = PBXFileReference; lastKnownFileType = wrapper.framework; name = WebKit.framework; path = System/Library/Frameworks/WebKit.framework; sourceTree = SDKROOT; };
		A33B10BF1C643E83003C6A65 /* WebViewJavascriptBridge.h */ = {isa = PBXFileReference; fileEncoding = 4; lastKnownFileType = sourcecode.c.h; path = WebViewJavascriptBridge.h; sourceTree = "<group>"; };
		A33B10C01C643E83003C6A65 /* WebViewJavascriptBridge.m */ = {isa = PBXFileReference; fileEncoding = 4; lastKnownFileType = sourcecode.c.objc; path = WebViewJavascriptBridge.m; sourceTree = "<group>"; };
		A33B10C11C643E83003C6A65 /* WebViewJavascriptBridge_JS.h */ = {isa = PBXFileReference; fileEncoding = 4; lastKnownFileType = sourcecode.c.h; path = WebViewJavascriptBridge_JS.h; sourceTree = "<group>"; };
		A33B10C21C643E83003C6A65 /* WebViewJavascriptBridge_JS.m */ = {isa = PBXFileReference; fileEncoding = 4; lastKnownFileType = sourcecode.c.objc; path = WebViewJavascriptBridge_JS.m; sourceTree = "<group>"; };
		A33B10C31C643E83003C6A65 /* WebViewJavascriptBridgeBase.h */ = {isa = PBXFileReference; fileEncoding = 4; lastKnownFileType = sourcecode.c.h; path = WebViewJavascriptBridgeBase.h; sourceTree = "<group>"; };
		A33B10C41C643E83003C6A65 /* WebViewJavascriptBridgeBase.m */ = {isa = PBXFileReference; fileEncoding = 4; lastKnownFileType = sourcecode.c.objc; path = WebViewJavascriptBridgeBase.m; sourceTree = "<group>"; };
		A33B10C51C643E83003C6A65 /* WKWebViewJavascriptBridge.h */ = {isa = PBXFileReference; fileEncoding = 4; lastKnownFileType = sourcecode.c.h; path = WKWebViewJavascriptBridge.h; sourceTree = "<group>"; };
		A33B10C61C643E83003C6A65 /* WKWebViewJavascriptBridge.m */ = {isa = PBXFileReference; fileEncoding = 4; lastKnownFileType = sourcecode.c.objc; path = WKWebViewJavascriptBridge.m; sourceTree = "<group>"; };
		A33B10CC1C643EDA003C6A65 /* BaseWKWebViewVC.h */ = {isa = PBXFileReference; fileEncoding = 4; lastKnownFileType = sourcecode.c.h; path = BaseWKWebViewVC.h; sourceTree = "<group>"; };
		A33B10CD1C643EDA003C6A65 /* BaseWKWebViewVC.m */ = {isa = PBXFileReference; fileEncoding = 4; lastKnownFileType = sourcecode.c.objc; path = BaseWKWebViewVC.m; sourceTree = "<group>"; };
		A347FF871C61C2BD00F402A7 /* H5.app */ = {isa = PBXFileReference; explicitFileType = wrapper.application; includeInIndex = 0; path = H5.app; sourceTree = BUILT_PRODUCTS_DIR; };
		A347FF8B1C61C2BD00F402A7 /* main.m */ = {isa = PBXFileReference; lastKnownFileType = sourcecode.c.objc; path = main.m; sourceTree = "<group>"; };
		A347FF8D1C61C2BD00F402A7 /* AppDelegate.h */ = {isa = PBXFileReference; lastKnownFileType = sourcecode.c.h; path = AppDelegate.h; sourceTree = "<group>"; };
		A347FF8E1C61C2BD00F402A7 /* AppDelegate.m */ = {isa = PBXFileReference; lastKnownFileType = sourcecode.c.objc; path = AppDelegate.m; sourceTree = "<group>"; };
		A347FF901C61C2BD00F402A7 /* ViewController.h */ = {isa = PBXFileReference; lastKnownFileType = sourcecode.c.h; path = ViewController.h; sourceTree = "<group>"; };
		A347FF911C61C2BD00F402A7 /* ViewController.m */ = {isa = PBXFileReference; lastKnownFileType = sourcecode.c.objc; path = ViewController.m; sourceTree = "<group>"; };
		A347FF941C61C2BD00F402A7 /* Base */ = {isa = PBXFileReference; lastKnownFileType = file.storyboard; name = Base; path = Base.lproj/Main.storyboard; sourceTree = "<group>"; };
		A347FF961C61C2BD00F402A7 /* Assets.xcassets */ = {isa = PBXFileReference; lastKnownFileType = folder.assetcatalog; path = Assets.xcassets; sourceTree = "<group>"; };
		A347FF991C61C2BD00F402A7 /* Base */ = {isa = PBXFileReference; lastKnownFileType = file.storyboard; name = Base; path = Base.lproj/LaunchScreen.storyboard; sourceTree = "<group>"; };
		A347FF9B1C61C2BD00F402A7 /* Info.plist */ = {isa = PBXFileReference; lastKnownFileType = text.plist.xml; path = Info.plist; sourceTree = "<group>"; };
		A36895581C7418C20040B4E8 /* H5VC.xib */ = {isa = PBXFileReference; fileEncoding = 4; lastKnownFileType = file.xib; path = H5VC.xib; sourceTree = "<group>"; };
/* End PBXFileReference section */

/* Begin PBXFrameworksBuildPhase section */
		A347FF841C61C2BD00F402A7 /* Frameworks */ = {
			isa = PBXFrameworksBuildPhase;
			buildActionMask = 2147483647;
			files = (
				A33B10BC1C64327D003C6A65 /* WebKit.framework in Frameworks */,
			);
			runOnlyForDeploymentPostprocessing = 0;
		};
/* End PBXFrameworksBuildPhase section */

/* Begin PBXGroup section */
		A306DFF71C7ACCED00C111CC /* h5 */ = {
			isa = PBXGroup;
			children = (
				A306DFF81C7ACCED00C111CC /* ExampleApp.html */,
				A306E0041C7AE01500C111CC /* Testtemp.js */,
				A306DFF91C7ACCED00C111CC /* H5JSBridge_1_0.js */,
				A306E0021C7AE00200C111CC /* H5JSBridgeDemo.js */,
				A306DFFE1C7ACE8600C111CC /* H5JSBridgeCamera.js */,
				A306DFFF1C7ACE8600C111CC /* H5JSBridgeDatabase.js */,
				A306DFFA1C7ACCED00C111CC /* H5JSBridgeGPS.js */,
			);
			name = h5;
			path = ../../h5;
			sourceTree = "<group>";
		};
		A33B10B31C642A8C003C6A65 /* example */ = {
			isa = PBXGroup;
			children = (
				A306DFF71C7ACCED00C111CC /* h5 */,
				A33B10B61C642A8C003C6A65 /* Native */,
			);
			path = example;
			sourceTree = "<group>";
		};
		A33B10B61C642A8C003C6A65 /* Native */ = {
			isa = PBXGroup;
			children = (
				A33B10B71C642A8C003C6A65 /* H5VC.h */,
				A33B10B81C642A8C003C6A65 /* H5VC.m */,
				A36895581C7418C20040B4E8 /* H5VC.xib */,
			);
			path = Native;
			sourceTree = "<group>";
		};
		A33B10BD1C643E83003C6A65 /* H5Bridge */ = {
			isa = PBXGroup;
			children = (
				A33B10CB1C643E9E003C6A65 /* BaseWeb */,
				A33B10BE1C643E83003C6A65 /* WebViewJavascriptBridge */,
			);
			path = H5Bridge;
			sourceTree = "<group>";
		};
		A33B10BE1C643E83003C6A65 /* WebViewJavascriptBridge */ = {
			isa = PBXGroup;
			children = (
				A33B10BF1C643E83003C6A65 /* WebViewJavascriptBridge.h */,
				A33B10C01C643E83003C6A65 /* WebViewJavascriptBridge.m */,
				A33B10C11C643E83003C6A65 /* WebViewJavascriptBridge_JS.h */,
				A33B10C21C643E83003C6A65 /* WebViewJavascriptBridge_JS.m */,
				A33B10C31C643E83003C6A65 /* WebViewJavascriptBridgeBase.h */,
				A33B10C41C643E83003C6A65 /* WebViewJavascriptBridgeBase.m */,
				A33B10C51C643E83003C6A65 /* WKWebViewJavascriptBridge.h */,
				A33B10C61C643E83003C6A65 /* WKWebViewJavascriptBridge.m */,
			);
			path = WebViewJavascriptBridge;
			sourceTree = "<group>";
		};
		A33B10CB1C643E9E003C6A65 /* BaseWeb */ = {
			isa = PBXGroup;
			children = (
				A33B10CC1C643EDA003C6A65 /* BaseWKWebViewVC.h */,
				A33B10CD1C643EDA003C6A65 /* BaseWKWebViewVC.m */,
			);
			path = BaseWeb;
			sourceTree = "<group>";
		};
		A347FF7E1C61C2BD00F402A7 = {
			isa = PBXGroup;
			children = (
				A33B10BB1C64327D003C6A65 /* WebKit.framework */,
				A33B10BD1C643E83003C6A65 /* H5Bridge */,
				A33B10B31C642A8C003C6A65 /* example */,
				A347FF891C61C2BD00F402A7 /* H5 */,
				A347FF881C61C2BD00F402A7 /* Products */,
			);
			sourceTree = "<group>";
		};
		A347FF881C61C2BD00F402A7 /* Products */ = {
			isa = PBXGroup;
			children = (
				A347FF871C61C2BD00F402A7 /* H5.app */,
			);
			name = Products;
			sourceTree = "<group>";
		};
		A347FF891C61C2BD00F402A7 /* H5 */ = {
			isa = PBXGroup;
			children = (
				A347FF8D1C61C2BD00F402A7 /* AppDelegate.h */,
				A347FF8E1C61C2BD00F402A7 /* AppDelegate.m */,
				A347FF901C61C2BD00F402A7 /* ViewController.h */,
				A347FF911C61C2BD00F402A7 /* ViewController.m */,
				A347FF931C61C2BD00F402A7 /* Main.storyboard */,
				A347FF961C61C2BD00F402A7 /* Assets.xcassets */,
				A347FF981C61C2BD00F402A7 /* LaunchScreen.storyboard */,
				A347FF9B1C61C2BD00F402A7 /* Info.plist */,
				A347FF8A1C61C2BD00F402A7 /* Supporting Files */,
			);
			path = H5;
			sourceTree = "<group>";
		};
		A347FF8A1C61C2BD00F402A7 /* Supporting Files */ = {
			isa = PBXGroup;
			children = (
				A347FF8B1C61C2BD00F402A7 /* main.m */,
			);
			name = "Supporting Files";
			sourceTree = "<group>";
		};
/* End PBXGroup section */

/* Begin PBXNativeTarget section */
		A347FF861C61C2BD00F402A7 /* H5 */ = {
			isa = PBXNativeTarget;
			buildConfigurationList = A347FF9E1C61C2BD00F402A7 /* Build configuration list for PBXNativeTarget "H5" */;
			buildPhases = (
				A347FF831C61C2BD00F402A7 /* Sources */,
				A347FF841C61C2BD00F402A7 /* Frameworks */,
				A347FF851C61C2BD00F402A7 /* Resources */,
			);
			buildRules = (
			);
			dependencies = (
			);
			name = H5;
			productName = H5;
			productReference = A347FF871C61C2BD00F402A7 /* H5.app */;
			productType = "com.apple.product-type.application";
		};
/* End PBXNativeTarget section */

/* Begin PBXProject section */
		A347FF7F1C61C2BD00F402A7 /* Project object */ = {
			isa = PBXProject;
			attributes = {
				LastUpgradeCheck = 0720;
				ORGANIZATIONNAME = Qingyang;
				TargetAttributes = {
					A347FF861C61C2BD00F402A7 = {
						CreatedOnToolsVersion = 7.2;
						DevelopmentTeam = 7663ZKDA8C;
					};
				};
			};
			buildConfigurationList = A347FF821C61C2BD00F402A7 /* Build configuration list for PBXProject "H5" */;
			compatibilityVersion = "Xcode 3.2";
			developmentRegion = English;
			hasScannedForEncodings = 0;
			knownRegions = (
				en,
				Base,
			);
			mainGroup = A347FF7E1C61C2BD00F402A7;
			productRefGroup = A347FF881C61C2BD00F402A7 /* Products */;
			projectDirPath = "";
			projectRoot = "";
			targets = (
				A347FF861C61C2BD00F402A7 /* H5 */,
			);
		};
/* End PBXProject section */

/* Begin PBXResourcesBuildPhase section */
		A347FF851C61C2BD00F402A7 /* Resources */ = {
			isa = PBXResourcesBuildPhase;
			buildActionMask = 2147483647;
			files = (
				A306E0051C7AE01500C111CC /* Testtemp.js in Resources */,
				A306DFFC1C7ACCED00C111CC /* H5JSBridge_1_0.js in Resources */,
				A306DFFB1C7ACCED00C111CC /* ExampleApp.html in Resources */,
				A306E0031C7AE00200C111CC /* H5JSBridgeDemo.js in Resources */,
				A306E0011C7ACE8600C111CC /* H5JSBridgeDatabase.js in Resources */,
				A347FF9A1C61C2BD00F402A7 /* LaunchScreen.storyboard in Resources */,
				A36895591C7418C20040B4E8 /* H5VC.xib in Resources */,
				A347FF971C61C2BD00F402A7 /* Assets.xcassets in Resources */,
				A306DFFD1C7ACCED00C111CC /* H5JSBridgeGPS.js in Resources */,
				A306E0001C7ACE8600C111CC /* H5JSBridgeCamera.js in Resources */,
				A347FF951C61C2BD00F402A7 /* Main.storyboard in Resources */,
			);
			runOnlyForDeploymentPostprocessing = 0;
		};
/* End PBXResourcesBuildPhase section */

/* Begin PBXSourcesBuildPhase section */
		A347FF831C61C2BD00F402A7 /* Sources */ = {
			isa = PBXSourcesBuildPhase;
			buildActionMask = 2147483647;
			files = (
				A347FF921C61C2BD00F402A7 /* ViewController.m in Sources */,
				A33B10C71C643E83003C6A65 /* WebViewJavascriptBridge.m in Sources */,
				A33B10BA1C642A8C003C6A65 /* H5VC.m in Sources */,
				A33B10C81C643E83003C6A65 /* WebViewJavascriptBridge_JS.m in Sources */,
				A33B10CE1C643EDA003C6A65 /* BaseWKWebViewVC.m in Sources */,
				A33B10CA1C643E83003C6A65 /* WKWebViewJavascriptBridge.m in Sources */,
				A33B10C91C643E83003C6A65 /* WebViewJavascriptBridgeBase.m in Sources */,
				A347FF8F1C61C2BD00F402A7 /* AppDelegate.m in Sources */,
				A347FF8C1C61C2BD00F402A7 /* main.m in Sources */,
			);
			runOnlyForDeploymentPostprocessing = 0;
		};
/* End PBXSourcesBuildPhase section */

/* Begin PBXVariantGroup section */
		A347FF931C61C2BD00F402A7 /* Main.storyboard */ = {
			isa = PBXVariantGroup;
			children = (
				A347FF941C61C2BD00F402A7 /* Base */,
			);
			name = Main.storyboard;
			sourceTree = "<group>";
		};
		A347FF981C61C2BD00F402A7 /* LaunchScreen.storyboard */ = {
			isa = PBXVariantGroup;
			children = (
				A347FF991C61C2BD00F402A7 /* Base */,
			);
			name = LaunchScreen.storyboard;
			sourceTree = "<group>";
		};
/* End PBXVariantGroup section */

/* Begin XCBuildConfiguration section */
		A347FF9C1C61C2BD00F402A7 /* Debug */ = {
			isa = XCBuildConfiguration;
			buildSettings = {
				ALWAYS_SEARCH_USER_PATHS = NO;
				CLANG_CXX_LANGUAGE_STANDARD = "gnu++0x";
				CLANG_CXX_LIBRARY = "libc++";
				CLANG_ENABLE_MODULES = YES;
				CLANG_ENABLE_OBJC_ARC = YES;
				CLANG_WARN_BOOL_CONVERSION = YES;
				CLANG_WARN_CONSTANT_CONVERSION = YES;
				CLANG_WARN_DIRECT_OBJC_ISA_USAGE = YES_ERROR;
				CLANG_WARN_EMPTY_BODY = YES;
				CLANG_WARN_ENUM_CONVERSION = YES;
				CLANG_WARN_INT_CONVERSION = YES;
				CLANG_WARN_OBJC_ROOT_CLASS = YES_ERROR;
				CLANG_WARN_UNREACHABLE_CODE = YES;
				CLANG_WARN__DUPLICATE_METHOD_MATCH = YES;
				"CODE_SIGN_IDENTITY[sdk=iphoneos*]" = "iPhone Developer";
				COPY_PHASE_STRIP = NO;
				DEBUG_INFORMATION_FORMAT = dwarf;
				ENABLE_STRICT_OBJC_MSGSEND = YES;
				ENABLE_TESTABILITY = YES;
				GCC_C_LANGUAGE_STANDARD = gnu99;
				GCC_DYNAMIC_NO_PIC = NO;
				GCC_NO_COMMON_BLOCKS = YES;
				GCC_OPTIMIZATION_LEVEL = 0;
				GCC_PREPROCESSOR_DEFINITIONS = (
					"DEBUG=1",
					"$(inherited)",
				);
				GCC_WARN_64_TO_32_BIT_CONVERSION = YES;
				GCC_WARN_ABOUT_RETURN_TYPE = YES_ERROR;
				GCC_WARN_UNDECLARED_SELECTOR = YES;
				GCC_WARN_UNINITIALIZED_AUTOS = YES_AGGRESSIVE;
				GCC_WARN_UNUSED_FUNCTION = YES;
				GCC_WARN_UNUSED_VARIABLE = YES;
				IPHONEOS_DEPLOYMENT_TARGET = 9.2;
				MTL_ENABLE_DEBUG_INFO = YES;
				ONLY_ACTIVE_ARCH = YES;
				SDKROOT = iphoneos;
				TARGETED_DEVICE_FAMILY = "1,2";
			};
			name = Debug;
		};
		A347FF9D1C61C2BD00F402A7 /* Release */ = {
			isa = XCBuildConfiguration;
			buildSettings = {
				ALWAYS_SEARCH_USER_PATHS = NO;
				CLANG_CXX_LANGUAGE_STANDARD = "gnu++0x";
				CLANG_CXX_LIBRARY = "libc++";
				CLANG_ENABLE_MODULES = YES;
				CLANG_ENABLE_OBJC_ARC = YES;
				CLANG_WARN_BOOL_CONVERSION = YES;
				CLANG_WARN_CONSTANT_CONVERSION = YES;
				CLANG_WARN_DIRECT_OBJC_ISA_USAGE = YES_ERROR;
				CLANG_WARN_EMPTY_BODY = YES;
				CLANG_WARN_ENUM_CONVERSION = YES;
				CLANG_WARN_INT_CONVERSION = YES;
				CLANG_WARN_OBJC_ROOT_CLASS = YES_ERROR;
				CLANG_WARN_UNREACHABLE_CODE = YES;
				CLANG_WARN__DUPLICATE_METHOD_MATCH = YES;
				"CODE_SIGN_IDENTITY[sdk=iphoneos*]" = "iPhone Developer";
				COPY_PHASE_STRIP = NO;
				DEBUG_INFORMATION_FORMAT = "dwarf-with-dsym";
				ENABLE_NS_ASSERTIONS = NO;
				ENABLE_STRICT_OBJC_MSGSEND = YES;
				GCC_C_LANGUAGE_STANDARD = gnu99;
				GCC_NO_COMMON_BLOCKS = YES;
				GCC_WARN_64_TO_32_BIT_CONVERSION = YES;
				GCC_WARN_ABOUT_RETURN_TYPE = YES_ERROR;
				GCC_WARN_UNDECLARED_SELECTOR = YES;
				GCC_WARN_UNINITIALIZED_AUTOS = YES_AGGRESSIVE;
				GCC_WARN_UNUSED_FUNCTION = YES;
				GCC_WARN_UNUSED_VARIABLE = YES;
				IPHONEOS_DEPLOYMENT_TARGET = 9.2;
				MTL_ENABLE_DEBUG_INFO = NO;
				SDKROOT = iphoneos;
				TARGETED_DEVICE_FAMILY = "1,2";
				VALIDATE_PRODUCT = YES;
			};
			name = Release;
		};
		A347FF9F1C61C2BD00F402A7 /* Debug */ = {
			isa = XCBuildConfiguration;
			buildSettings = {
				ASSETCATALOG_COMPILER_APPICON_NAME = AppIcon;
				CODE_SIGN_IDENTITY = "iPhone Developer";
				INFOPLIST_FILE = H5/Info.plist;
				IPHONEOS_DEPLOYMENT_TARGET = 8.0;
				LD_RUNPATH_SEARCH_PATHS = "$(inherited) @executable_path/Frameworks";
				PRODUCT_BUNDLE_IDENTIFIER = com.landhightech.H5;
				PRODUCT_NAME = "$(TARGET_NAME)";
			};
			name = Debug;
		};
		A347FFA01C61C2BD00F402A7 /* Release */ = {
			isa = XCBuildConfiguration;
			buildSettings = {
				ASSETCATALOG_COMPILER_APPICON_NAME = AppIcon;
				CODE_SIGN_IDENTITY = "iPhone Developer";
				INFOPLIST_FILE = H5/Info.plist;
				IPHONEOS_DEPLOYMENT_TARGET = 8.0;
				LD_RUNPATH_SEARCH_PATHS = "$(inherited) @executable_path/Frameworks";
				PRODUCT_BUNDLE_IDENTIFIER = com.landhightech.H5;
				PRODUCT_NAME = "$(TARGET_NAME)";
			};
			name = Release;
		};
/* End XCBuildConfiguration section */

/* Begin XCConfigurationList section */
		A347FF821C61C2BD00F402A7 /* Build configuration list for PBXProject "H5" */ = {
			isa = XCConfigurationList;
			buildConfigurations = (
				A347FF9C1C61C2BD00F402A7 /* Debug */,
				A347FF9D1C61C2BD00F402A7 /* Release */,
			);
			defaultConfigurationIsVisible = 0;
			defaultConfigurationName = Release;
		};
		A347FF9E1C61C2BD00F402A7 /* Build configuration list for PBXNativeTarget "H5" */ = {
			isa = XCConfigurationList;
			buildConfigurations = (
				A347FF9F1C61C2BD00F402A7 /* Debug */,
				A347FFA01C61C2BD00F402A7 /* Release */,
			);
			defaultConfigurationIsVisible = 0;
			defaultConfigurationName = Release;
		};
/* End XCConfigurationList section */
	};
	rootObject = A347FF7F1C61C2BD00F402A7 /* Project object */;
}
